
Microsoft Visual Studio Solution File, Format Version 12.00
# Visual Studio Version 16
VisualStudioVersion = 16.0.28729.10
MinimumVisualStudioVersion = 10.0.40219.1
Project("{FAE04EC0-301F-11D3-BF4B-00C04F79EFBC}") = "KeLi.PdfSign.App", "KeLi.PdfSign.App\KeLi.PdfSign.App.csproj", "{049CFD89-065E-4995-90D9-388E99D14282}"
EndProject
Global
	GlobalSection(SolutionConfigurationPlatforms) = preSolution
		Debug|Any CPU = Debug|Any CPU
		Release|Any CPU = Release|Any CPU
	EndGlobalSection
	GlobalSection(ProjectConfigurationPlatforms) = postSolution
		{049CFD89-065E-4995-90D9-388E99D14282}.Debug|Any CPU.ActiveCfg = Debug|Any CPU
		{049CFD89-065E-4995-90D9-388E99D14282}.Debug|Any CPU.Build.0 = Debug|Any CPU
		{049CFD89-065E-4995-90D9-388E99D14282}.Release|Any CPU.ActiveCfg = Release|Any CPU
		{049CFD89-065E-4995-90D9-388E99D14282}.Release|Any CPU.Build.0 = Release|Any CPU
	EndGlobalSection
	GlobalSection(SolutionProperties) = preSolution
		HideSolutionNode = FALSE
	EndGlobalSection
	GlobalSection(ExtensibilityGlobals) = postSolution
		SolutionGuid = {BD9BFC46-32FF-43F6-9928-570F30535EFD}
	EndGlobalSection
EndGlobal
